
Microsoft Visual Studio Solution File, Format Version 12.00
# Visual Studio Version 17
VisualStudioVersion = 17.5.33502.453
MinimumVisualStudioVersion = 10.0.40219.1
Project("{2150E333-8FDC-42A3-9474-1A3956D46DE8}") = "src", "src", "{E3FC28AA-6107-424D-B115-AD1F14AAF68A}"
EndProject
Project("{FAE04EC0-301F-11D3-BF4B-00C04F79EFBC}") = "BlazorApp", "BlazorApp\BlazorApp.csproj", "{395C6283-CAA4-43D7-90AA-FEE056401C58}"
EndProject
Global
	GlobalSection(SolutionConfigurationPlatforms) = preSolution
		Debug|Any CPU = Debug|Any CPU
		Release|Any CPU = Release|Any CPU
	EndGlobalSection
	GlobalSection(ProjectConfigurationPlatforms) = postSolution
		{395C6283-CAA4-43D7-90AA-FEE056401C58}.Debug|Any CPU.ActiveCfg = Debug|Any CPU
		{395C6283-CAA4-43D7-90AA-FEE056401C58}.Debug|Any CPU.Build.0 = Debug|Any CPU
		{395C6283-CAA4-43D7-90AA-FEE056401C58}.Release|Any CPU.ActiveCfg = Release|Any CPU
		{395C6283-CAA4-43D7-90AA-FEE056401C58}.Release|Any CPU.Build.0 = Release|Any CPU
	EndGlobalSection
	GlobalSection(SolutionProperties) = preSolution
		HideSolutionNode = FALSE
	EndGlobalSection
	GlobalSection(NestedProjects) = preSolution
		{395C6283-CAA4-43D7-90AA-FEE056401C58} = {E3FC28AA-6107-424D-B115-AD1F14AAF68A}
	EndGlobalSection
	GlobalSection(ExtensibilityGlobals) = postSolution
		SolutionGuid = {89005431-222E-4A8E-91CE-6DFBDAC88857}
	EndGlobalSection
EndGlobal
